// !$*UTF8*$!
{
	archiveVersion = 1;
	classes = {
	};
	objectVersion = 46;
	objects = {

/* Begin PBXBuildFile section */
		BA13B1B51D060423002D1180 /* alarm1.caf in Resources */ = {isa = PBXBuildFile; fileRef = BA13B1B41D060409002D1180 /* alarm1.caf */; };
		BA15A7401D0666FE00E40AD0 /* CompleteScene.swift in Sources */ = {isa = PBXBuildFile; fileRef = BA15A73F1D0666FE00E40AD0 /* CompleteScene.swift */; };
		BA15A7411D072A2500E40AD0 /* CompleteScene.swift in Resources */ = {isa = PBXBuildFile; fileRef = BA15A73F1D0666FE00E40AD0 /* CompleteScene.swift */; };
		BA15A7431D076B6B00E40AD0 /* bossMusic.caf in Resources */ = {isa = PBXBuildFile; fileRef = BA15A7421D076B2C00E40AD0 /* bossMusic.caf */; };
		BA15A7451D076FA100E40AD0 /* level1.caf in Resources */ = {isa = PBXBuildFile; fileRef = BA15A7441D076F9500E40AD0 /* level1.caf */; };
		BA28F0501CFD25A300EC8925 /* PlayScene.sks in Resources */ = {isa = PBXBuildFile; fileRef = BA28F04F1CFD25A300EC8925 /* PlayScene.sks */; };
		BA2E00C41CFA25C300ADB82E /* darkbg.jpg in Resources */ = {isa = PBXBuildFile; fileRef = BA2E00C31CFA25C300ADB82E /* darkbg.jpg */; };
		BA2E00C61CFA270C00ADB82E /* menuMusic.caf in Resources */ = {isa = PBXBuildFile; fileRef = BA2E00C51CFA270C00ADB82E /* menuMusic.caf */; };
		BA2F15011CF8B96800BE254F /* AppDelegate.swift in Sources */ = {isa = PBXBuildFile; fileRef = BA2F15001CF8B96800BE254F /* AppDelegate.swift */; };
		BA2F15031CF8B96800BE254F /* GameScene.sks in Resources */ = {isa = PBXBuildFile; fileRef = BA2F15021CF8B96800BE254F /* GameScene.sks */; };
		BA2F15051CF8B96800BE254F /* GameScene.swift in Sources */ = {isa = PBXBuildFile; fileRef = BA2F15041CF8B96800BE254F /* GameScene.swift */; };
		BA2F15071CF8B96800BE254F /* GameViewController.swift in Sources */ = {isa = PBXBuildFile; fileRef = BA2F15061CF8B96800BE254F /* GameViewController.swift */; };
		BA2F150A1CF8B96800BE254F /* Main.storyboard in Resources */ = {isa = PBXBuildFile; fileRef = BA2F15081CF8B96800BE254F /* Main.storyboard */; };
		BA2F150C1CF8B96800BE254F /* Assets.xcassets in Resources */ = {isa = PBXBuildFile; fileRef = BA2F150B1CF8B96800BE254F /* Assets.xcassets */; };
		BA2F150F1CF8B96800BE254F /* LaunchScreen.storyboard in Resources */ = {isa = PBXBuildFile; fileRef = BA2F150D1CF8B96800BE254F /* LaunchScreen.storyboard */; };
		BA2F151A1CF8B96800BE254F /* SA_Space_Fighter_AD2981Tests.swift in Sources */ = {isa = PBXBuildFile; fileRef = BA2F15191CF8B96800BE254F /* SA_Space_Fighter_AD2981Tests.swift */; };
		BA2F15251CF8B96800BE254F /* SA_Space_Fighter_AD2981UITests.swift in Sources */ = {isa = PBXBuildFile; fileRef = BA2F15241CF8B96800BE254F /* SA_Space_Fighter_AD2981UITests.swift */; };
		BA7EF8931D024CC700E3785A /* bullet.atlas in Resources */ = {isa = PBXBuildFile; fileRef = BA7EF8921D024CC700E3785A /* bullet.atlas */; };
		BA7EF8951D024D2F00E3785A /* EndScene.swift in Sources */ = {isa = PBXBuildFile; fileRef = BA7EF8941D024D2F00E3785A /* EndScene.swift */; };
		BA7EF8971D024D5100E3785A /* rainParticle.sks in Resources */ = {isa = PBXBuildFile; fileRef = BA7EF8961D024D5100E3785A /* rainParticle.sks */; };
		BA7EF89B1D024D6600E3785A /* endscene-bg.jpg in Resources */ = {isa = PBXBuildFile; fileRef = BA7EF8981D024D6600E3785A /* endscene-bg.jpg */; };
		BA7EF89C1D024D6600E3785A /* gameMusic.caf in Resources */ = {isa = PBXBuildFile; fileRef = BA7EF8991D024D6600E3785A /* gameMusic.caf */; };
		BA7EF89D1D024D6600E3785A /* spark.png in Resources */ = {isa = PBXBuildFile; fileRef = BA7EF89A1D024D6600E3785A /* spark.png */; };
		BAA8738D1D08C2A7000C93BE /* bossExplosion.sks in Resources */ = {isa = PBXBuildFile; fileRef = BAA8738C1D08C2A7000C93BE /* bossExplosion.sks */; };
		BAB61A8E1CFD1F1C006C7025 /* PlayScene.swift in Sources */ = {isa = PBXBuildFile; fileRef = BAB61A8D1CFD1F1C006C7025 /* PlayScene.swift */; };
		BAE12C021D029D4D00696072 /* AppDelegate.swift in Resources */ = {isa = PBXBuildFile; fileRef = BA2F15001CF8B96800BE254F /* AppDelegate.swift */; };
		BAE12C031D029D4D00696072 /* PlayScene.swift in Resources */ = {isa = PBXBuildFile; fileRef = BAB61A8D1CFD1F1C006C7025 /* PlayScene.swift */; };
		BAE12C051D029D4D00696072 /* GameScene.swift in Resources */ = {isa = PBXBuildFile; fileRef = BA2F15041CF8B96800BE254F /* GameScene.swift */; };
		BAE12C061D029D4D00696072 /* GameViewController.swift in Resources */ = {isa = PBXBuildFile; fileRef = BA2F15061CF8B96800BE254F /* GameViewController.swift */; };
		BAE12C081D029D4D00696072 /* EndScene.swift in Resources */ = {isa = PBXBuildFile; fileRef = BA7EF8941D024D2F00E3785A /* EndScene.swift */; };
		BAE12C091D029D4D00696072 /* gameMusic3.caf in Resources */ = {isa = PBXBuildFile; fileRef = BABC1B471D029C7400FBC64D /* gameMusic3.caf */; };
		BAE12C0E1D029D4D00696072 /* Info.plist in Resources */ = {isa = PBXBuildFile; fileRef = BA2F15261CF8B96800BE254F /* Info.plist */; };
		BAE12C151D02A0DC00696072 /* explosion1.caf in Resources */ = {isa = PBXBuildFile; fileRef = BAE12C121D02A0C300696072 /* explosion1.caf */; };
		BAE12C161D02A0DC00696072 /* zap1.caf in Resources */ = {isa = PBXBuildFile; fileRef = BAE12C131D02A0C300696072 /* zap1.caf */; };
		BAE12C171D02A0DC00696072 /* zap2.caf in Resources */ = {isa = PBXBuildFile; fileRef = BAE12C141D02A0C300696072 /* zap2.caf */; };
		BAE321B11D1B0DB500857D5C /* Level2.swift in Sources */ = {isa = PBXBuildFile; fileRef = BAE321B01D1B0DB500857D5C /* Level2.swift */; };
		BAF8DDE21D07833E00516BFA /* rocketFire.sks in Resources */ = {isa = PBXBuildFile; fileRef = BAF8DDE11D07833E00516BFA /* rocketFire.sks */; };
		BAF8DDE41D07906A00516BFA /* explosionParticle.sks in Resources */ = {isa = PBXBuildFile; fileRef = BAF8DDE31D07906A00516BFA /* explosionParticle.sks */; };
/* End PBXBuildFile section */

/* Begin PBXContainerItemProxy section */
		BA2F15161CF8B96800BE254F /* PBXContainerItemProxy */ = {
			isa = PBXContainerItemProxy;
			containerPortal = BA2F14F51CF8B96800BE254F /* Project object */;
			proxyType = 1;
			remoteGlobalIDString = BA2F14FC1CF8B96800BE254F;
			remoteInfo = "SA-Space-Fighter-AD2981";
		};
		BA2F15211CF8B96800BE254F /* PBXContainerItemProxy */ = {
			isa = PBXContainerItemProxy;
			containerPortal = BA2F14F51CF8B96800BE254F /* Project object */;
			proxyType = 1;
			remoteGlobalIDString = BA2F14FC1CF8B96800BE254F;
			remoteInfo = "SA-Space-Fighter-AD2981";
		};
/* End PBXContainerItemProxy section */

/* Begin PBXFileReference section */
		BA13B1B41D060409002D1180 /* alarm1.caf */ = {isa = PBXFileReference; lastKnownFileType = file; path = alarm1.caf; sourceTree = "<group>"; };
		BA15A73F1D0666FE00E40AD0 /* CompleteScene.swift */ = {isa = PBXFileReference; fileEncoding = 4; lastKnownFileType = sourcecode.swift; path = CompleteScene.swift; sourceTree = "<group>"; };
		BA15A7421D076B2C00E40AD0 /* bossMusic.caf */ = {isa = PBXFileReference; lastKnownFileType = file; path = bossMusic.caf; sourceTree = "<group>"; };
		BA15A7441D076F9500E40AD0 /* level1.caf */ = {isa = PBXFileReference; lastKnownFileType = file; path = level1.caf; sourceTree = "<group>"; };
		BA28F04F1CFD25A300EC8925 /* PlayScene.sks */ = {isa = PBXFileReference; lastKnownFileType = file.sks; path = PlayScene.sks; sourceTree = "<group>"; };
		BA2E00C31CFA25C300ADB82E /* darkbg.jpg */ = {isa = PBXFileReference; lastKnownFileType = image.jpeg; path = darkbg.jpg; sourceTree = "<group>"; };
		BA2E00C51CFA270C00ADB82E /* menuMusic.caf */ = {isa = PBXFileReference; lastKnownFileType = file; path = menuMusic.caf; sourceTree = "<group>"; };
		BA2F14FD1CF8B96800BE254F /* SA-Space-Fighter-AD2981.app */ = {isa = PBXFileReference; explicitFileType = wrapper.application; includeInIndex = 0; path = "SA-Space-Fighter-AD2981.app"; sourceTree = BUILT_PRODUCTS_DIR; };
		BA2F15001CF8B96800BE254F /* AppDelegate.swift */ = {isa = PBXFileReference; lastKnownFileType = sourcecode.swift; lineEnding = 0; path = AppDelegate.swift; sourceTree = "<group>"; xcLanguageSpecificationIdentifier = xcode.lang.swift; };
		BA2F15021CF8B96800BE254F /* GameScene.sks */ = {isa = PBXFileReference; lastKnownFileType = file.sks; path = GameScene.sks; sourceTree = "<group>"; };
		BA2F15041CF8B96800BE254F /* GameScene.swift */ = {isa = PBXFileReference; lastKnownFileType = sourcecode.swift; lineEnding = 0; path = GameScene.swift; sourceTree = "<group>"; xcLanguageSpecificationIdentifier = xcode.lang.swift; };
		BA2F15061CF8B96800BE254F /* GameViewController.swift */ = {isa = PBXFileReference; lastKnownFileType = sourcecode.swift; lineEnding = 0; path = GameViewController.swift; sourceTree = "<group>"; xcLanguageSpecificationIdentifier = xcode.lang.swift; };
		BA2F15091CF8B96800BE254F /* Base */ = {isa = PBXFileReference; lastKnownFileType = file.storyboard; name = Base; path = Base.lproj/Main.storyboard; sourceTree = "<group>"; };
		BA2F150B1CF8B96800BE254F /* Assets.xcassets */ = {isa = PBXFileReference; lastKnownFileType = folder.assetcatalog; path = Assets.xcassets; sourceTree = "<group>"; };
		BA2F150E1CF8B96800BE254F /* Base */ = {isa = PBXFileReference; lastKnownFileType = file.storyboard; name = Base; path = Base.lproj/LaunchScreen.storyboard; sourceTree = "<group>"; };
		BA2F15101CF8B96800BE254F /* Info.plist */ = {isa = PBXFileReference; lastKnownFileType = text.plist.xml; path = Info.plist; sourceTree = "<group>"; };
		BA2F15151CF8B96800BE254F /* SA-Space-Fighter-AD2981Tests.xctest */ = {isa = PBXFileReference; explicitFileType = wrapper.cfbundle; includeInIndex = 0; path = "SA-Space-Fighter-AD2981Tests.xctest"; sourceTree = BUILT_PRODUCTS_DIR; };
		BA2F15191CF8B96800BE254F /* SA_Space_Fighter_AD2981Tests.swift */ = {isa = PBXFileReference; lastKnownFileType = sourcecode.swift; lineEnding = 0; path = SA_Space_Fighter_AD2981Tests.swift; sourceTree = "<group>"; xcLanguageSpecificationIdentifier = xcode.lang.swift; };
		BA2F151B1CF8B96800BE254F /* Info.plist */ = {isa = PBXFileReference; lastKnownFileType = text.plist.xml; path = Info.plist; sourceTree = "<group>"; };
		BA2F15201CF8B96800BE254F /* SA-Space-Fighter-AD2981UITests.xctest */ = {isa = PBXFileReference; explicitFileType = wrapper.cfbundle; includeInIndex = 0; path = "SA-Space-Fighter-AD2981UITests.xctest"; sourceTree = BUILT_PRODUCTS_DIR; };
		BA2F15241CF8B96800BE254F /* SA_Space_Fighter_AD2981UITests.swift */ = {isa = PBXFileReference; lastKnownFileType = sourcecode.swift; lineEnding = 0; path = SA_Space_Fighter_AD2981UITests.swift; sourceTree = "<group>"; xcLanguageSpecificationIdentifier = xcode.lang.swift; };
		BA2F15261CF8B96800BE254F /* Info.plist */ = {isa = PBXFileReference; lastKnownFileType = text.plist.xml; path = Info.plist; sourceTree = "<group>"; };
		BA7EF8921D024CC700E3785A /* bullet.atlas */ = {isa = PBXFileReference; lastKnownFileType = folder.skatlas; path = bullet.atlas; sourceTree = "<group>"; };
		BA7EF8941D024D2F00E3785A /* EndScene.swift */ = {isa = PBXFileReference; fileEncoding = 4; lastKnownFileType = sourcecode.swift; path = EndScene.swift; sourceTree = "<group>"; };
		BA7EF8961D024D5100E3785A /* rainParticle.sks */ = {isa = PBXFileReference; lastKnownFileType = file.sks; path = rainParticle.sks; sourceTree = "<group>"; };
		BA7EF8981D024D6600E3785A /* endscene-bg.jpg */ = {isa = PBXFileReference; lastKnownFileType = image.jpeg; path = "endscene-bg.jpg"; sourceTree = "<group>"; };
		BA7EF8991D024D6600E3785A /* gameMusic.caf */ = {isa = PBXFileReference; lastKnownFileType = file; path = gameMusic.caf; sourceTree = "<group>"; };
		BA7EF89A1D024D6600E3785A /* spark.png */ = {isa = PBXFileReference; lastKnownFileType = image.png; path = spark.png; sourceTree = "<group>"; };
		BAA8738C1D08C2A7000C93BE /* bossExplosion.sks */ = {isa = PBXFileReference; lastKnownFileType = file.sks; path = bossExplosion.sks; sourceTree = "<group>"; };
		BAB61A8D1CFD1F1C006C7025 /* PlayScene.swift */ = {isa = PBXFileReference; fileEncoding = 4; lastKnownFileType = sourcecode.swift; path = PlayScene.swift; sourceTree = "<group>"; };
		BABC1B471D029C7400FBC64D /* gameMusic3.caf */ = {isa = PBXFileReference; lastKnownFileType = file; path = gameMusic3.caf; sourceTree = "<group>"; };
		BAE12C121D02A0C300696072 /* explosion1.caf */ = {isa = PBXFileReference; lastKnownFileType = file; path = explosion1.caf; sourceTree = "<group>"; };
		BAE12C131D02A0C300696072 /* zap1.caf */ = {isa = PBXFileReference; lastKnownFileType = file; path = zap1.caf; sourceTree = "<group>"; };
		BAE12C141D02A0C300696072 /* zap2.caf */ = {isa = PBXFileReference; lastKnownFileType = file; path = zap2.caf; sourceTree = "<group>"; };
		BAE321B01D1B0DB500857D5C /* Level2.swift */ = {isa = PBXFileReference; fileEncoding = 4; lastKnownFileType = sourcecode.swift; path = Level2.swift; sourceTree = "<group>"; };
		BAF8DDE11D07833E00516BFA /* rocketFire.sks */ = {isa = PBXFileReference; lastKnownFileType = file.sks; path = rocketFire.sks; sourceTree = "<group>"; };
		BAF8DDE31D07906A00516BFA /* explosionParticle.sks */ = {isa = PBXFileReference; lastKnownFileType = file.sks; path = explosionParticle.sks; sourceTree = "<group>"; };
/* End PBXFileReference section */

/* Begin PBXFrameworksBuildPhase section */
		BA2F14FA1CF8B96800BE254F /* Frameworks */ = {
			isa = PBXFrameworksBuildPhase;
			buildActionMask = 2147483647;
			files = (
			);
			runOnlyForDeploymentPostprocessing = 0;
		};
		BA2F15121CF8B96800BE254F /* Frameworks */ = {
			isa = PBXFrameworksBuildPhase;
			buildActionMask = 2147483647;
			files = (
			);
			runOnlyForDeploymentPostprocessing = 0;
		};
		BA2F151D1CF8B96800BE254F /* Frameworks */ = {
			isa = PBXFrameworksBuildPhase;
			buildActionMask = 2147483647;
			files = (
			);
			runOnlyForDeploymentPostprocessing = 0;
		};
/* End PBXFrameworksBuildPhase section */

/* Begin PBXGroup section */
		BA2F14F41CF8B96800BE254F = {
			isa = PBXGroup;
			children = (
				BA2F14FF1CF8B96800BE254F /* SA-Space-Fighter-AD2981 */,
				BA2F15181CF8B96800BE254F /* SA-Space-Fighter-AD2981Tests */,
				BA2F15231CF8B96800BE254F /* SA-Space-Fighter-AD2981UITests */,
				BA2F14FE1CF8B96800BE254F /* Products */,
			);
			sourceTree = "<group>";
		};
		BA2F14FE1CF8B96800BE254F /* Products */ = {
			isa = PBXGroup;
			children = (
				BA2F14FD1CF8B96800BE254F /* SA-Space-Fighter-AD2981.app */,
				BA2F15151CF8B96800BE254F /* SA-Space-Fighter-AD2981Tests.xctest */,
				BA2F15201CF8B96800BE254F /* SA-Space-Fighter-AD2981UITests.xctest */,
			);
			name = Products;
			sourceTree = "<group>";
		};
		BA2F14FF1CF8B96800BE254F /* SA-Space-Fighter-AD2981 */ = {
			isa = PBXGroup;
			children = (
				BA7EF8921D024CC700E3785A /* bullet.atlas */,
				BA2F15001CF8B96800BE254F /* AppDelegate.swift */,
				BA2F15021CF8B96800BE254F /* GameScene.sks */,
				BA28F04F1CFD25A300EC8925 /* PlayScene.sks */,
				BAB61A8D1CFD1F1C006C7025 /* PlayScene.swift */,
				BAE321B01D1B0DB500857D5C /* Level2.swift */,
				BA2F15041CF8B96800BE254F /* GameScene.swift */,
				BA2F15061CF8B96800BE254F /* GameViewController.swift */,
				BA7EF8941D024D2F00E3785A /* EndScene.swift */,
				BA15A73F1D0666FE00E40AD0 /* CompleteScene.swift */,
				BAF8DDE31D07906A00516BFA /* explosionParticle.sks */,
				BAA8738C1D08C2A7000C93BE /* bossExplosion.sks */,
				BA7EF8961D024D5100E3785A /* rainParticle.sks */,
				BAF8DDE11D07833E00516BFA /* rocketFire.sks */,
				BA15A7421D076B2C00E40AD0 /* bossMusic.caf */,
				BAE12C121D02A0C300696072 /* explosion1.caf */,
				BA15A7441D076F9500E40AD0 /* level1.caf */,
				BAE12C131D02A0C300696072 /* zap1.caf */,
				BA13B1B41D060409002D1180 /* alarm1.caf */,
				BAE12C141D02A0C300696072 /* zap2.caf */,
				BABC1B471D029C7400FBC64D /* gameMusic3.caf */,
				BA7EF8991D024D6600E3785A /* gameMusic.caf */,
				BA2E00C51CFA270C00ADB82E /* menuMusic.caf */,
				BA7EF8981D024D6600E3785A /* endscene-bg.jpg */,
				BA7EF89A1D024D6600E3785A /* spark.png */,
				BA2E00C31CFA25C300ADB82E /* darkbg.jpg */,
				BA2F15081CF8B96800BE254F /* Main.storyboard */,
				BA2F150B1CF8B96800BE254F /* Assets.xcassets */,
				BA2F150D1CF8B96800BE254F /* LaunchScreen.storyboard */,
				BA2F15101CF8B96800BE254F /* Info.plist */,
			);
			path = "SA-Space-Fighter-AD2981";
			sourceTree = "<group>";
		};
		BA2F15181CF8B96800BE254F /* SA-Space-Fighter-AD2981Tests */ = {
			isa = PBXGroup;
			children = (
				BA2F15191CF8B96800BE254F /* SA_Space_Fighter_AD2981Tests.swift */,
				BA2F151B1CF8B96800BE254F /* Info.plist */,
			);
			path = "SA-Space-Fighter-AD2981Tests";
			sourceTree = "<group>";
		};
		BA2F15231CF8B96800BE254F /* SA-Space-Fighter-AD2981UITests */ = {
			isa = PBXGroup;
			children = (
				BA2F15241CF8B96800BE254F /* SA_Space_Fighter_AD2981UITests.swift */,
				BA2F15261CF8B96800BE254F /* Info.plist */,
			);
			path = "SA-Space-Fighter-AD2981UITests";
			sourceTree = "<group>";
		};
/* End PBXGroup section */

/* Begin PBXNativeTarget section */
		BA2F14FC1CF8B96800BE254F /* SA-Space-Fighter-AD2981 */ = {
			isa = PBXNativeTarget;
			buildConfigurationList = BA2F15291CF8B96800BE254F /* Build configuration list for PBXNativeTarget "SA-Space-Fighter-AD2981" */;
			buildPhases = (
				BA2F14F91CF8B96800BE254F /* Sources */,
				BA2F14FA1CF8B96800BE254F /* Frameworks */,
				BA2F14FB1CF8B96800BE254F /* Resources */,
			);
			buildRules = (
			);
			dependencies = (
			);
			name = "SA-Space-Fighter-AD2981";
			productName = "SA-Space-Fighter-AD2981";
			productReference = BA2F14FD1CF8B96800BE254F /* SA-Space-Fighter-AD2981.app */;
			productType = "com.apple.product-type.application";
		};
		BA2F15141CF8B96800BE254F /* SA-Space-Fighter-AD2981Tests */ = {
			isa = PBXNativeTarget;
			buildConfigurationList = BA2F152C1CF8B96800BE254F /* Build configuration list for PBXNativeTarget "SA-Space-Fighter-AD2981Tests" */;
			buildPhases = (
				BA2F15111CF8B96800BE254F /* Sources */,
				BA2F15121CF8B96800BE254F /* Frameworks */,
				BA2F15131CF8B96800BE254F /* Resources */,
			);
			buildRules = (
			);
			dependencies = (
				BA2F15171CF8B96800BE254F /* PBXTargetDependency */,
			);
			name = "SA-Space-Fighter-AD2981Tests";
			productName = "SA-Space-Fighter-AD2981Tests";
			productReference = BA2F15151CF8B96800BE254F /* SA-Space-Fighter-AD2981Tests.xctest */;
			productType = "com.apple.product-type.bundle.unit-test";
		};
		BA2F151F1CF8B96800BE254F /* SA-Space-Fighter-AD2981UITests */ = {
			isa = PBXNativeTarget;
			buildConfigurationList = BA2F152F1CF8B96800BE254F /* Build configuration list for PBXNativeTarget "SA-Space-Fighter-AD2981UITests" */;
			buildPhases = (
				BA2F151C1CF8B96800BE254F /* Sources */,
				BA2F151D1CF8B96800BE254F /* Frameworks */,
				BA2F151E1CF8B96800BE254F /* Resources */,
			);
			buildRules = (
			);
			dependencies = (
				BA2F15221CF8B96800BE254F /* PBXTargetDependency */,
			);
			name = "SA-Space-Fighter-AD2981UITests";
			productName = "SA-Space-Fighter-AD2981UITests";
			productReference = BA2F15201CF8B96800BE254F /* SA-Space-Fighter-AD2981UITests.xctest */;
			productType = "com.apple.product-type.bundle.ui-testing";
		};
/* End PBXNativeTarget section */

/* Begin PBXProject section */
		BA2F14F51CF8B96800BE254F /* Project object */ = {
			isa = PBXProject;
			attributes = {
				LastSwiftUpdateCheck = 0730;
				LastUpgradeCheck = 0730;
				ORGANIZATIONNAME = TJC;
				TargetAttributes = {
					BA2F14FC1CF8B96800BE254F = {
						CreatedOnToolsVersion = 7.3.1;
						DevelopmentTeam = S66V9VG434;
					};
					BA2F15141CF8B96800BE254F = {
						CreatedOnToolsVersion = 7.3.1;
						TestTargetID = BA2F14FC1CF8B96800BE254F;
					};
					BA2F151F1CF8B96800BE254F = {
						CreatedOnToolsVersion = 7.3.1;
						TestTargetID = BA2F14FC1CF8B96800BE254F;
					};
				};
			};
			buildConfigurationList = BA2F14F81CF8B96800BE254F /* Build configuration list for PBXProject "SA-Space-Fighter-AD2981" */;
			compatibilityVersion = "Xcode 3.2";
			developmentRegion = English;
			hasScannedForEncodings = 0;
			knownRegions = (
				en,
				Base,
			);
			mainGroup = BA2F14F41CF8B96800BE254F;
			productRefGroup = BA2F14FE1CF8B96800BE254F /* Products */;
			projectDirPath = "";
			projectRoot = "";
			targets = (
				BA2F14FC1CF8B96800BE254F /* SA-Space-Fighter-AD2981 */,
				BA2F15141CF8B96800BE254F /* SA-Space-Fighter-AD2981Tests */,
				BA2F151F1CF8B96800BE254F /* SA-Space-Fighter-AD2981UITests */,
			);
		};
/* End PBXProject section */

/* Begin PBXResourcesBuildPhase section */
		BA2F14FB1CF8B96800BE254F /* Resources */ = {
			isa = PBXResourcesBuildPhase;
			buildActionMask = 2147483647;
			files = (
				BA15A7451D076FA100E40AD0 /* level1.caf in Resources */,
				BA15A7431D076B6B00E40AD0 /* bossMusic.caf in Resources */,
				BA13B1B51D060423002D1180 /* alarm1.caf in Resources */,
				BAE12C021D029D4D00696072 /* AppDelegate.swift in Resources */,
				BAE12C031D029D4D00696072 /* PlayScene.swift in Resources */,
				BAE12C051D029D4D00696072 /* GameScene.swift in Resources */,
				BAA8738D1D08C2A7000C93BE /* bossExplosion.sks in Resources */,
				BAE12C061D029D4D00696072 /* GameViewController.swift in Resources */,
				BA15A7411D072A2500E40AD0 /* CompleteScene.swift in Resources */,
				BAE12C081D029D4D00696072 /* EndScene.swift in Resources */,
				BAE12C091D029D4D00696072 /* gameMusic3.caf in Resources */,
				BAE12C0E1D029D4D00696072 /* Info.plist in Resources */,
				BAE12C151D02A0DC00696072 /* explosion1.caf in Resources */,
				BAE12C161D02A0DC00696072 /* zap1.caf in Resources */,
				BAE12C171D02A0DC00696072 /* zap2.caf in Resources */,
				BA2F15031CF8B96800BE254F /* GameScene.sks in Resources */,
				BA28F0501CFD25A300EC8925 /* PlayScene.sks in Resources */,
				BA2E00C61CFA270C00ADB82E /* menuMusic.caf in Resources */,
				BAF8DDE41D07906A00516BFA /* explosionParticle.sks in Resources */,
				BA7EF89B1D024D6600E3785A /* endscene-bg.jpg in Resources */,
				BA7EF8931D024CC700E3785A /* bullet.atlas in Resources */,
				BA7EF89C1D024D6600E3785A /* gameMusic.caf in Resources */,
				BA2F150F1CF8B96800BE254F /* LaunchScreen.storyboard in Resources */,
				BA7EF89D1D024D6600E3785A /* spark.png in Resources */,
				BAF8DDE21D07833E00516BFA /* rocketFire.sks in Resources */,
				BA2E00C41CFA25C300ADB82E /* darkbg.jpg in Resources */,
				BA7EF8971D024D5100E3785A /* rainParticle.sks in Resources */,
				BA2F150C1CF8B96800BE254F /* Assets.xcassets in Resources */,
				BA2F150A1CF8B96800BE254F /* Main.storyboard in Resources */,
			);
			runOnlyForDeploymentPostprocessing = 0;
		};
		BA2F15131CF8B96800BE254F /* Resources */ = {
			isa = PBXResourcesBuildPhase;
			buildActionMask = 2147483647;
			files = (
			);
			runOnlyForDeploymentPostprocessing = 0;
		};
		BA2F151E1CF8B96800BE254F /* Resources */ = {
			isa = PBXResourcesBuildPhase;
			buildActionMask = 2147483647;
			files = (
			);
			runOnlyForDeploymentPostprocessing = 0;
		};
/* End PBXResourcesBuildPhase section */

/* Begin PBXSourcesBuildPhase section */
		BA2F14F91CF8B96800BE254F /* Sources */ = {
			isa = PBXSourcesBuildPhase;
			buildActionMask = 2147483647;
			files = (
				BA15A7401D0666FE00E40AD0 /* CompleteScene.swift in Sources */,
				BA2F15051CF8B96800BE254F /* GameScene.swift in Sources */,
				BA7EF8951D024D2F00E3785A /* EndScene.swift in Sources */,
				BAB61A8E1CFD1F1C006C7025 /* PlayScene.swift in Sources */,
				BA2F15071CF8B96800BE254F /* GameViewController.swift in Sources */,
				BAE321B11D1B0DB500857D5C /* Level2.swift in Sources */,
				BA2F15011CF8B96800BE254F /* AppDelegate.swift in Sources */,
			);
			runOnlyForDeploymentPostprocessing = 0;
		};
		BA2F15111CF8B96800BE254F /* Sources */ = {
			isa = PBXSourcesBuildPhase;
			buildActionMask = 2147483647;
			files = (
				BA2F151A1CF8B96800BE254F /* SA_Space_Fighter_AD2981Tests.swift in Sources */,
			);
			runOnlyForDeploymentPostprocessing = 0;
		};
		BA2F151C1CF8B96800BE254F /* Sources */ = {
			isa = PBXSourcesBuildPhase;
			buildActionMask = 2147483647;
			files = (
				BA2F15251CF8B96800BE254F /* SA_Space_Fighter_AD2981UITests.swift in Sources */,
			);
			runOnlyForDeploymentPostprocessing = 0;
		};
/* End PBXSourcesBuildPhase section */

/* Begin PBXTargetDependency section */
		BA2F15171CF8B96800BE254F /* PBXTargetDependency */ = {
			isa = PBXTargetDependency;
			target = BA2F14FC1CF8B96800BE254F /* SA-Space-Fighter-AD2981 */;
			targetProxy = BA2F15161CF8B96800BE254F /* PBXContainerItemProxy */;
		};
		BA2F15221CF8B96800BE254F /* PBXTargetDependency */ = {
			isa = PBXTargetDependency;
			target = BA2F14FC1CF8B96800BE254F /* SA-Space-Fighter-AD2981 */;
			targetProxy = BA2F15211CF8B96800BE254F /* PBXContainerItemProxy */;
		};
/* End PBXTargetDependency section */

/* Begin PBXVariantGroup section */
		BA2F15081CF8B96800BE254F /* Main.storyboard */ = {
			isa = PBXVariantGroup;
			children = (
				BA2F15091CF8B96800BE254F /* Base */,
			);
			name = Main.storyboard;
			sourceTree = "<group>";
		};
		BA2F150D1CF8B96800BE254F /* LaunchScreen.storyboard */ = {
			isa = PBXVariantGroup;
			children = (
				BA2F150E1CF8B96800BE254F /* Base */,
			);
			name = LaunchScreen.storyboard;
			sourceTree = "<group>";
		};
/* End PBXVariantGroup section */

/* Begin XCBuildConfiguration section */
		BA2F15271CF8B96800BE254F /* Debug */ = {
			isa = XCBuildConfiguration;
			buildSettings = {
				ALWAYS_SEARCH_USER_PATHS = NO;
				CLANG_ANALYZER_NONNULL = YES;
				CLANG_CXX_LANGUAGE_STANDARD = "gnu++0x";
				CLANG_CXX_LIBRARY = "libc++";
				CLANG_ENABLE_MODULES = YES;
				CLANG_ENABLE_OBJC_ARC = YES;
				CLANG_WARN_BOOL_CONVERSION = YES;
				CLANG_WARN_CONSTANT_CONVERSION = YES;
				CLANG_WARN_DIRECT_OBJC_ISA_USAGE = YES_ERROR;
				CLANG_WARN_EMPTY_BODY = YES;
				CLANG_WARN_ENUM_CONVERSION = YES;
				CLANG_WARN_INT_CONVERSION = YES;
				CLANG_WARN_OBJC_ROOT_CLASS = YES_ERROR;
				CLANG_WARN_UNREACHABLE_CODE = YES;
				CLANG_WARN__DUPLICATE_METHOD_MATCH = YES;
				"CODE_SIGN_IDENTITY[sdk=iphoneos*]" = "iPhone Developer";
				COPY_PHASE_STRIP = NO;
				DEBUG_INFORMATION_FORMAT = "dwarf-with-dsym";
				ENABLE_STRICT_OBJC_MSGSEND = YES;
				ENABLE_TESTABILITY = YES;
				GCC_C_LANGUAGE_STANDARD = gnu99;
				GCC_DYNAMIC_NO_PIC = NO;
				GCC_NO_COMMON_BLOCKS = YES;
				GCC_OPTIMIZATION_LEVEL = 0;
				GCC_PREPROCESSOR_DEFINITIONS = (
					"DEBUG=1",
					"$(inherited)",
				);
				GCC_WARN_64_TO_32_BIT_CONVERSION = YES;
				GCC_WARN_ABOUT_RETURN_TYPE = YES_ERROR;
				GCC_WARN_UNDECLARED_SELECTOR = YES;
				GCC_WARN_UNINITIALIZED_AUTOS = YES_AGGRESSIVE;
				GCC_WARN_UNUSED_FUNCTION = YES;
				GCC_WARN_UNUSED_VARIABLE = YES;
				IPHONEOS_DEPLOYMENT_TARGET = 9.3;
				MTL_ENABLE_DEBUG_INFO = YES;
				ONLY_ACTIVE_ARCH = YES;
				SDKROOT = iphoneos;
				SWIFT_OPTIMIZATION_LEVEL = "-Onone";
			};
			name = Debug;
		};
		BA2F15281CF8B96800BE254F /* Release */ = {
			isa = XCBuildConfiguration;
			buildSettings = {
				ALWAYS_SEARCH_USER_PATHS = NO;
				CLANG_ANALYZER_NONNULL = YES;
				CLANG_CXX_LANGUAGE_STANDARD = "gnu++0x";
				CLANG_CXX_LIBRARY = "libc++";
				CLANG_ENABLE_MODULES = YES;
				CLANG_ENABLE_OBJC_ARC = YES;
				CLANG_WARN_BOOL_CONVERSION = YES;
				CLANG_WARN_CONSTANT_CONVERSION = YES;
				CLANG_WARN_DIRECT_OBJC_ISA_USAGE = YES_ERROR;
				CLANG_WARN_EMPTY_BODY = YES;
				CLANG_WARN_ENUM_CONVERSION = YES;
				CLANG_WARN_INT_CONVERSION = YES;
				CLANG_WARN_OBJC_ROOT_CLASS = YES_ERROR;
				CLANG_WARN_UNREACHABLE_CODE = YES;
				CLANG_WARN__DUPLICATE_METHOD_MATCH = YES;
				"CODE_SIGN_IDENTITY[sdk=iphoneos*]" = "iPhone Developer";
				COPY_PHASE_STRIP = NO;
				DEBUG_INFORMATION_FORMAT = "dwarf-with-dsym";
				ENABLE_NS_ASSERTIONS = NO;
				ENABLE_STRICT_OBJC_MSGSEND = YES;
				GCC_C_LANGUAGE_STANDARD = gnu99;
				GCC_NO_COMMON_BLOCKS = YES;
				GCC_WARN_64_TO_32_BIT_CONVERSION = YES;
				GCC_WARN_ABOUT_RETURN_TYPE = YES_ERROR;
				GCC_WARN_UNDECLARED_SELECTOR = YES;
				GCC_WARN_UNINITIALIZED_AUTOS = YES_AGGRESSIVE;
				GCC_WARN_UNUSED_FUNCTION = YES;
				GCC_WARN_UNUSED_VARIABLE = YES;
				IPHONEOS_DEPLOYMENT_TARGET = 9.3;
				MTL_ENABLE_DEBUG_INFO = NO;
				SDKROOT = iphoneos;
				VALIDATE_PRODUCT = YES;
			};
			name = Release;
		};
		BA2F152A1CF8B96800BE254F /* Debug */ = {
			isa = XCBuildConfiguration;
			buildSettings = {
				ASSETCATALOG_COMPILER_APPICON_NAME = AppIcon;
				CODE_SIGN_IDENTITY = "iPhone Developer";
				"CODE_SIGN_IDENTITY[sdk=iphoneos*]" = "iPhone Developer";
				INFOPLIST_FILE = "SA-Space-Fighter-AD2981/Info.plist";
				LD_RUNPATH_SEARCH_PATHS = "$(inherited) @executable_path/Frameworks";
				PRODUCT_BUNDLE_IDENTIFIER = "tjc.SA-Space-Fighter-AD2981";
				PRODUCT_NAME = "$(TARGET_NAME)";
				PROVISIONING_PROFILE = "";
			};
			name = Debug;
		};
		BA2F152B1CF8B96800BE254F /* Release */ = {
			isa = XCBuildConfiguration;
			buildSettings = {
				ASSETCATALOG_COMPILER_APPICON_NAME = AppIcon;
				CODE_SIGN_IDENTITY = "iPhone Developer";
				"CODE_SIGN_IDENTITY[sdk=iphoneos*]" = "iPhone Developer";
				INFOPLIST_FILE = "SA-Space-Fighter-AD2981/Info.plist";
				LD_RUNPATH_SEARCH_PATHS = "$(inherited) @executable_path/Frameworks";
				PRODUCT_BUNDLE_IDENTIFIER = "tjc.SA-Space-Fighter-AD2981";
				PRODUCT_NAME = "$(TARGET_NAME)";
				PROVISIONING_PROFILE = "";
			};
			name = Release;
		};
		BA2F152D1CF8B96800BE254F /* Debug */ = {
			isa = XCBuildConfiguration;
			buildSettings = {
				BUNDLE_LOADER = "$(TEST_HOST)";
				DEBUG_INFORMATION_FORMAT = dwarf;
				INFOPLIST_FILE = "SA-Space-Fighter-AD2981Tests/Info.plist";
				LD_RUNPATH_SEARCH_PATHS = "$(inherited) @executable_path/Frameworks @loader_path/Frameworks";
				PRODUCT_BUNDLE_IDENTIFIER = "tjc.SA-Space-Fighter-AD2981Tests";
				PRODUCT_NAME = "$(TARGET_NAME)";
				TEST_HOST = "$(BUILT_PRODUCTS_DIR)/SA-Space-Fighter-AD2981.app/SA-Space-Fighter-AD2981";
			};
			name = Debug;
		};
		BA2F152E1CF8B96800BE254F /* Release */ = {
			isa = XCBuildConfiguration;
			buildSettings = {
				BUNDLE_LOADER = "$(TEST_HOST)";
				INFOPLIST_FILE = "SA-Space-Fighter-AD2981Tests/Info.plist";
				LD_RUNPATH_SEARCH_PATHS = "$(inherited) @executable_path/Frameworks @loader_path/Frameworks";
				PRODUCT_BUNDLE_IDENTIFIER = "tjc.SA-Space-Fighter-AD2981Tests";
				PRODUCT_NAME = "$(TARGET_NAME)";
				TEST_HOST = "$(BUILT_PRODUCTS_DIR)/SA-Space-Fighter-AD2981.app/SA-Space-Fighter-AD2981";
			};
			name = Release;
		};
		BA2F15301CF8B96800BE254F /* Debug */ = {
			isa = XCBuildConfiguration;
			buildSettings = {
				DEBUG_INFORMATION_FORMAT = dwarf;
				INFOPLIST_FILE = "SA-Space-Fighter-AD2981UITests/Info.plist";
				LD_RUNPATH_SEARCH_PATHS = "$(inherited) @executable_path/Frameworks @loader_path/Frameworks";
				PRODUCT_BUNDLE_IDENTIFIER = "tjc.SA-Space-Fighter-AD2981UITests";
				PRODUCT_NAME = "$(TARGET_NAME)";
				TEST_TARGET_NAME = "SA-Space-Fighter-AD2981";
			};
			name = Debug;
		};
		BA2F15311CF8B96800BE254F /* Release */ = {
			isa = XCBuildConfiguration;
			buildSettings = {
				INFOPLIST_FILE = "SA-Space-Fighter-AD2981UITests/Info.plist";
				LD_RUNPATH_SEARCH_PATHS = "$(inherited) @executable_path/Frameworks @loader_path/Frameworks";
				PRODUCT_BUNDLE_IDENTIFIER = "tjc.SA-Space-Fighter-AD2981UITests";
				PRODUCT_NAME = "$(TARGET_NAME)";
				TEST_TARGET_NAME = "SA-Space-Fighter-AD2981";
			};
			name = Release;
		};
/* End XCBuildConfiguration section */

/* Begin XCConfigurationList section */
		BA2F14F81CF8B96800BE254F /* Build configuration list for PBXProject "SA-Space-Fighter-AD2981" */ = {
			isa = XCConfigurationList;
			buildConfigurations = (
				BA2F15271CF8B96800BE254F /* Debug */,
				BA2F15281CF8B96800BE254F /* Release */,
			);
			defaultConfigurationIsVisible = 0;
			defaultConfigurationName = Release;
		};
		BA2F15291CF8B96800BE254F /* Build configuration list for PBXNativeTarget "SA-Space-Fighter-AD2981" */ = {
			isa = XCConfigurationList;
			buildConfigurations = (
				BA2F152A1CF8B96800BE254F /* Debug */,
				BA2F152B1CF8B96800BE254F /* Release */,
			);
			defaultConfigurationIsVisible = 0;
			defaultConfigurationName = Release;
		};
		BA2F152C1CF8B96800BE254F /* Build configuration list for PBXNativeTarget "SA-Space-Fighter-AD2981Tests" */ = {
			isa = XCConfigurationList;
			buildConfigurations = (
				BA2F152D1CF8B96800BE254F /* Debug */,
				BA2F152E1CF8B96800BE254F /* Release */,
			);
			defaultConfigurationIsVisible = 0;
			defaultConfigurationName = Release;
		};
		BA2F152F1CF8B96800BE254F /* Build configuration list for PBXNativeTarget "SA-Space-Fighter-AD2981UITests" */ = {
			isa = XCConfigurationList;
			buildConfigurations = (
				BA2F15301CF8B96800BE254F /* Debug */,
				BA2F15311CF8B96800BE254F /* Release */,
			);
			defaultConfigurationIsVisible = 0;
			defaultConfigurationName = Release;
		};
/* End XCConfigurationList section */
	};
	rootObject = BA2F14F51CF8B96800BE254F /* Project object */;
}
